// !$*UTF8*$!
{
	archiveVersion = 1;
	classes = {
	};
	objectVersion = 46;
	objects = {

/* Begin PBXBuildFile section */
		02F55AF21CFFCEB0008579F7 /* AppDelegate.swift in Sources */ = {isa = PBXBuildFile; fileRef = 02F55AF11CFFCEB0008579F7 /* AppDelegate.swift */; };
		02F55AF41CFFCEB0008579F7 /* ViewController.swift in Sources */ = {isa = PBXBuildFile; fileRef = 02F55AF31CFFCEB0008579F7 /* ViewController.swift */; };
		02F55AF61CFFCEB0008579F7 /* Assets.xcassets in Resources */ = {isa = PBXBuildFile; fileRef = 02F55AF51CFFCEB0008579F7 /* Assets.xcassets */; };
		02F55AF91CFFCEB0008579F7 /* Main.storyboard in Resources */ = {isa = PBXBuildFile; fileRef = 02F55AF71CFFCEB0008579F7 /* Main.storyboard */; };
/* End PBXBuildFile section */

/* Begin PBXFileReference section */
		02F55AEE1CFFCEB0008579F7 /* AirPlay3.app */ = {isa = PBXFileReference; explicitFileType = wrapper.application; includeInIndex = 0; path = AirPlay3.app; sourceTree = BUILT_PRODUCTS_DIR; };
		02F55AF11CFFCEB0008579F7 /* AppDelegate.swift */ = {isa = PBXFileReference; lastKnownFileType = sourcecode.swift; path = AppDelegate.swift; sourceTree = "<group>"; };
		02F55AF31CFFCEB0008579F7 /* ViewController.swift */ = {isa = PBXFileReference; lastKnownFileType = sourcecode.swift; path = ViewController.swift; sourceTree = "<group>"; };
		02F55AF51CFFCEB0008579F7 /* Assets.xcassets */ = {isa = PBXFileReference; lastKnownFileType = folder.assetcatalog; path = Assets.xcassets; sourceTree = "<group>"; };
		02F55AF81CFFCEB0008579F7 /* Base */ = {isa = PBXFileReference; lastKnownFileType = file.storyboard; name = Base; path = Base.lproj/Main.storyboard; sourceTree = "<group>"; };
		02F55AFA1CFFCEB0008579F7 /* Info.plist */ = {isa = PBXFileReference; lastKnownFileType = text.plist.xml; path = Info.plist; sourceTree = "<group>"; };
/* End PBXFileReference section */

/* Begin PBXFrameworksBuildPhase section */
		02F55AEB1CFFCEB0008579F7 /* Frameworks */ = {
			isa = PBXFrameworksBuildPhase;
			buildActionMask = 2147483647;
			files = (
			);
			runOnlyForDeploymentPostprocessing = 0;
		};
/* End PBXFrameworksBuildPhase section */

/* Begin PBXGroup section */
		02F55AE51CFFCEB0008579F7 = {
			isa = PBXGroup;
			children = (
				02F55AF01CFFCEB0008579F7 /* AirPlay3 */,
				02F55AEF1CFFCEB0008579F7 /* Products */,
			);
			sourceTree = "<group>";
		};
		02F55AEF1CFFCEB0008579F7 /* Products */ = {
			isa = PBXGroup;
			children = (
				02F55AEE1CFFCEB0008579F7 /* AirPlay3.app */,
			);
			name = Products;
			sourceTree = "<group>";
		};
		02F55AF01CFFCEB0008579F7 /* AirPlay3 */ = {
			isa = PBXGroup;
			children = (
				02F55AF11CFFCEB0008579F7 /* AppDelegate.swift */,
				02F55AF31CFFCEB0008579F7 /* ViewController.swift */,
				02F55AF51CFFCEB0008579F7 /* Assets.xcassets */,
				02F55AF71CFFCEB0008579F7 /* Main.storyboard */,
				02F55AFA1CFFCEB0008579F7 /* Info.plist */,
			);
			path = AirPlay3;
			sourceTree = "<group>";
		};
/* End PBXGroup section */

/* Begin PBXNativeTarget section */
		02F55AED1CFFCEB0008579F7 /* AirPlay3 */ = {
			isa = PBXNativeTarget;
			buildConfigurationList = 02F55AFD1CFFCEB0008579F7 /* Build configuration list for PBXNativeTarget "AirPlay3" */;
			buildPhases = (
				02F55AEA1CFFCEB0008579F7 /* Sources */,
				02F55AEB1CFFCEB0008579F7 /* Frameworks */,
				02F55AEC1CFFCEB0008579F7 /* Resources */,
			);
			buildRules = (
			);
			dependencies = (
			);
			name = AirPlay3;
			productName = AirPlay3;
			productReference = 02F55AEE1CFFCEB0008579F7 /* AirPlay3.app */;
			productType = "com.apple.product-type.application";
		};
/* End PBXNativeTarget section */

/* Begin PBXProject section */
		02F55AE61CFFCEB0008579F7 /* Project object */ = {
			isa = PBXProject;
			attributes = {
				LastSwiftUpdateCheck = 0730;
				LastUpgradeCheck = 0730;
				ORGANIZATIONNAME = "Colton Anglin";
				TargetAttributes = {
					02F55AED1CFFCEB0008579F7 = {
						CreatedOnToolsVersion = 7.3;
					};
				};
			};
			buildConfigurationList = 02F55AE91CFFCEB0008579F7 /* Build configuration list for PBXProject "AirPlay3" */;
			compatibilityVersion = "Xcode 3.2";
			developmentRegion = English;
			hasScannedForEncodings = 0;
			knownRegions = (
				en,
				Base,
			);
			mainGroup = 02F55AE51CFFCEB0008579F7;
			productRefGroup = 02F55AEF1CFFCEB0008579F7 /* Products */;
			projectDirPath = "";
			projectRoot = "";
			targets = (
				02F55AED1CFFCEB0008579F7 /* AirPlay3 */,
			);
		};
/* End PBXProject section */

/* Begin PBXResourcesBuildPhase section */
		02F55AEC1CFFCEB0008579F7 /* Resources */ = {
			isa = PBXResourcesBuildPhase;
			buildActionMask = 2147483647;
			files = (
				02F55AF61CFFCEB0008579F7 /* Assets.xcassets in Resources */,
				02F55AF91CFFCEB0008579F7 /* Main.storyboard in Resources */,
			);
			runOnlyForDeploymentPostprocessing = 0;
		};
/* End PBXResourcesBuildPhase section */

/* Begin PBXSourcesBuildPhase section */
		02F55AEA1CFFCEB0008579F7 /* Sources */ = {
			isa = PBXSourcesBuildPhase;
			buildActionMask = 2147483647;
			files = (
				02F55AF41CFFCEB0008579F7 /* ViewController.swift in Sources */,
				02F55AF21CFFCEB0008579F7 /* AppDelegate.swift in Sources */,
			);
			runOnlyForDeploymentPostprocessing = 0;
		};
/* End PBXSourcesBuildPhase section */

/* Begin PBXVariantGroup section */
		02F55AF71CFFCEB0008579F7 /* Main.storyboard */ = {
			isa = PBXVariantGroup;
			children = (
				02F55AF81CFFCEB0008579F7 /* Base */,
			);
			name = Main.storyboard;
			sourceTree = "<group>";
		};
/* End PBXVariantGroup section */

/* Begin XCBuildConfiguration section */
		02F55AFB1CFFCEB0008579F7 /* Debug */ = {
			isa = XCBuildConfiguration;
			buildSettings = {
				ALWAYS_SEARCH_USER_PATHS = NO;
				CLANG_ANALYZER_NONNULL = YES;
				CLANG_CXX_LANGUAGE_STANDARD = "gnu++0x";
				CLANG_CXX_LIBRARY = "libc++";
				CLANG_ENABLE_MODULES = YES;
				CLANG_ENABLE_OBJC_ARC = YES;
				CLANG_WARN_BOOL_CONVERSION = YES;
				CLANG_WARN_CONSTANT_CONVERSION = YES;
				CLANG_WARN_DIRECT_OBJC_ISA_USAGE = YES_ERROR;
				CLANG_WARN_EMPTY_BODY = YES;
				CLANG_WARN_ENUM_CONVERSION = YES;
				CLANG_WARN_INT_CONVERSION = YES;
				CLANG_WARN_OBJC_ROOT_CLASS = YES_ERROR;
				CLANG_WARN_UNREACHABLE_CODE = YES;
				CLANG_WARN__DUPLICATE_METHOD_MATCH = YES;
				CODE_SIGN_IDENTITY = "-";
				COPY_PHASE_STRIP = NO;
				DEBUG_INFORMATION_FORMAT = dwarf;
				ENABLE_STRICT_OBJC_MSGSEND = YES;
				ENABLE_TESTABILITY = YES;
				GCC_C_LANGUAGE_STANDARD = gnu99;
				GCC_DYNAMIC_NO_PIC = NO;
				GCC_NO_COMMON_BLOCKS = YES;
				GCC_OPTIMIZATION_LEVEL = 0;
				GCC_PREPROCESSOR_DEFINITIONS = (
					"DEBUG=1",
					"$(inherited)",
				);
				GCC_WARN_64_TO_32_BIT_CONVERSION = YES;
				GCC_WARN_ABOUT_RETURN_TYPE = YES_ERROR;
				GCC_WARN_UNDECLARED_SELECTOR = YES;
				GCC_WARN_UNINITIALIZED_AUTOS = YES_AGGRESSIVE;
				GCC_WARN_UNUSED_FUNCTION = YES;
				GCC_WARN_UNUSED_VARIABLE = YES;
				MACOSX_DEPLOYMENT_TARGET = 10.11;
				MTL_ENABLE_DEBUG_INFO = YES;
				ONLY_ACTIVE_ARCH = YES;
				SDKROOT = macosx;
				SWIFT_OPTIMIZATION_LEVEL = "-Onone";
			};
			name = Debug;
		};
		02F55AFC1CFFCEB0008579F7 /* Release */ = {
			isa = XCBuildConfiguration;
			buildSettings = {
				ALWAYS_SEARCH_USER_PATHS = NO;
				CLANG_ANALYZER_NONNULL = YES;
				CLANG_CXX_LANGUAGE_STANDARD = "gnu++0x";
				CLANG_CXX_LIBRARY = "libc++";
				CLANG_ENABLE_MODULES = YES;
				CLANG_ENABLE_OBJC_ARC = YES;
				CLANG_WARN_BOOL_CONVERSION = YES;
				CLANG_WARN_CONSTANT_CONVERSION = YES;
				CLANG_WARN_DIRECT_OBJC_ISA_USAGE = YES_ERROR;
				CLANG_WARN_EMPTY_BODY = YES;
				CLANG_WARN_ENUM_CONVERSION = YES;
				CLANG_WARN_INT_CONVERSION = YES;
				CLANG_WARN_OBJC_ROOT_CLASS = YES_ERROR;
				CLANG_WARN_UNREACHABLE_CODE = YES;
				CLANG_WARN__DUPLICATE_METHOD_MATCH = YES;
				CODE_SIGN_IDENTITY = "-";
				COPY_PHASE_STRIP = NO;
				DEBUG_INFORMATION_FORMAT = "dwarf-with-dsym";
				ENABLE_NS_ASSERTIONS = NO;
				ENABLE_STRICT_OBJC_MSGSEND = YES;
				GCC_C_LANGUAGE_STANDARD = gnu99;
				GCC_NO_COMMON_BLOCKS = YES;
				GCC_WARN_64_TO_32_BIT_CONVERSION = YES;
				GCC_WARN_ABOUT_RETURN_TYPE = YES_ERROR;
				GCC_WARN_UNDECLARED_SELECTOR = YES;
				GCC_WARN_UNINITIALIZED_AUTOS = YES_AGGRESSIVE;
				GCC_WARN_UNUSED_FUNCTION = YES;
				GCC_WARN_UNUSED_VARIABLE = YES;
				MACOSX_DEPLOYMENT_TARGET = 10.11;
				MTL_ENABLE_DEBUG_INFO = NO;
				SDKROOT = macosx;
			};
			name = Release;
		};
		02F55AFE1CFFCEB0008579F7 /* Debug */ = {
			isa = XCBuildConfiguration;
			buildSettings = {
				ASSETCATALOG_COMPILER_APPICON_NAME = AppIcon;
				COMBINE_HIDPI_IMAGES = YES;
				INFOPLIST_FILE = AirPlay3/Info.plist;
				LD_RUNPATH_SEARCH_PATHS = "$(inherited) @executable_path/../Frameworks";
				PRODUCT_BUNDLE_IDENTIFIER = io.colton.AirPlay3;
				PRODUCT_NAME = "$(TARGET_NAME)";
			};
			name = Debug;
		};
		02F55AFF1CFFCEB0008579F7 /* Release */ = {
			isa = XCBuildConfiguration;
			buildSettings = {
				ASSETCATALOG_COMPILER_APPICON_NAME = AppIcon;
				COMBINE_HIDPI_IMAGES = YES;
				INFOPLIST_FILE = AirPlay3/Info.plist;
				LD_RUNPATH_SEARCH_PATHS = "$(inherited) @executable_path/../Frameworks";
				PRODUCT_BUNDLE_IDENTIFIER = io.colton.AirPlay3;
				PRODUCT_NAME = "$(TARGET_NAME)";
			};
			name = Release;
		};
/* End XCBuildConfiguration section */

/* Begin XCConfigurationList section */
		02F55AE91CFFCEB0008579F7 /* Build configuration list for PBXProject "AirPlay3" */ = {
			isa = XCConfigurationList;
			buildConfigurations = (
				02F55AFB1CFFCEB0008579F7 /* Debug */,
				02F55AFC1CFFCEB0008579F7 /* Release */,
			);
			defaultConfigurationIsVisible = 0;
			defaultConfigurationName = Release;
		};
		02F55AFD1CFFCEB0008579F7 /* Build configuration list for PBXNativeTarget "AirPlay3" */ = {
			isa = XCConfigurationList;
			buildConfigurations = (
				02F55AFE1CFFCEB0008579F7 /* Debug */,
				02F55AFF1CFFCEB0008579F7 /* Release */,
			);
			defaultConfigurationIsVisible = 0;
		};
/* End XCConfigurationList section */
	};
	rootObject = 02F55AE61CFFCEB0008579F7 /* Project object */;
}
